// !$*UTF8*$!
{
	archiveVersion = 1;
	classes = {
	};
	objectVersion = 55;
	objects = {

/* Begin PBXBuildFile section */
		7623467027FD7ABD0060F89C /* AppDelegate.swift in Sources */ = {isa = PBXBuildFile; fileRef = 7623466F27FD7ABD0060F89C /* AppDelegate.swift */; };
		7623467227FD7ABD0060F89C /* SceneDelegate.swift in Sources */ = {isa = PBXBuildFile; fileRef = 7623467127FD7ABD0060F89C /* SceneDelegate.swift */; };
		7623467427FD7ABD0060F89C /* TapBarViewController.swift in Sources */ = {isa = PBXBuildFile; fileRef = 7623467327FD7ABD0060F89C /* TapBarViewController.swift */; };
		7623467727FD7ABD0060F89C /* Main.storyboard in Resources */ = {isa = PBXBuildFile; fileRef = 7623467527FD7ABD0060F89C /* Main.storyboard */; };
		7623467927FD7ABE0060F89C /* Assets.xcassets in Resources */ = {isa = PBXBuildFile; fileRef = 7623467827FD7ABE0060F89C /* Assets.xcassets */; };
		7623467C27FD7ABE0060F89C /* LaunchScreen.storyboard in Resources */ = {isa = PBXBuildFile; fileRef = 7623467A27FD7ABE0060F89C /* LaunchScreen.storyboard */; };
		7623468627FD7AF20060F89C /* Person.swift in Sources */ = {isa = PBXBuildFile; fileRef = 7623468527FD7AF20060F89C /* Person.swift */; };
		7623468827FD7B0A0060F89C /* DataManeger.swift in Sources */ = {isa = PBXBuildFile; fileRef = 7623468727FD7B0A0060F89C /* DataManeger.swift */; };
		76EA168327FD880F003AF25F /* PersonListViewController.swift in Sources */ = {isa = PBXBuildFile; fileRef = 76EA168227FD880F003AF25F /* PersonListViewController.swift */; };
		76EA168527FD8B04003AF25F /* DetailPersoneViewController.swift in Sources */ = {isa = PBXBuildFile; fileRef = 76EA168427FD8B04003AF25F /* DetailPersoneViewController.swift */; };
/* End PBXBuildFile section */

/* Begin PBXFileReference section */
		7623466C27FD7ABD0060F89C /* HWPersonList.app */ = {isa = PBXFileReference; explicitFileType = wrapper.application; includeInIndex = 0; path = HWPersonList.app; sourceTree = BUILT_PRODUCTS_DIR; };
		7623466F27FD7ABD0060F89C /* AppDelegate.swift */ = {isa = PBXFileReference; lastKnownFileType = sourcecode.swift; path = AppDelegate.swift; sourceTree = "<group>"; };
		7623467127FD7ABD0060F89C /* SceneDelegate.swift */ = {isa = PBXFileReference; lastKnownFileType = sourcecode.swift; path = SceneDelegate.swift; sourceTree = "<group>"; };
		7623467327FD7ABD0060F89C /* TapBarViewController.swift */ = {isa = PBXFileReference; lastKnownFileType = sourcecode.swift; path = TapBarViewController.swift; sourceTree = "<group>"; };
		7623467627FD7ABD0060F89C /* Base */ = {isa = PBXFileReference; lastKnownFileType = file.storyboard; name = Base; path = Base.lproj/Main.storyboard; sourceTree = "<group>"; };
		7623467827FD7ABE0060F89C /* Assets.xcassets */ = {isa = PBXFileReference; lastKnownFileType = folder.assetcatalog; path = Assets.xcassets; sourceTree = "<group>"; };
		7623467B27FD7ABE0060F89C /* Base */ = {isa = PBXFileReference; lastKnownFileType = file.storyboard; name = Base; path = Base.lproj/LaunchScreen.storyboard; sourceTree = "<group>"; };
		7623467D27FD7ABE0060F89C /* Info.plist */ = {isa = PBXFileReference; lastKnownFileType = text.plist.xml; path = Info.plist; sourceTree = "<group>"; };
		7623468527FD7AF20060F89C /* Person.swift */ = {isa = PBXFileReference; lastKnownFileType = sourcecode.swift; path = Person.swift; sourceTree = "<group>"; };
		7623468727FD7B0A0060F89C /* DataManeger.swift */ = {isa = PBXFileReference; lastKnownFileType = sourcecode.swift; path = DataManeger.swift; sourceTree = "<group>"; };
		76EA168227FD880F003AF25F /* PersonListViewController.swift */ = {isa = PBXFileReference; lastKnownFileType = sourcecode.swift; path = PersonListViewController.swift; sourceTree = "<group>"; };
		76EA168427FD8B04003AF25F /* DetailPersoneViewController.swift */ = {isa = PBXFileReference; lastKnownFileType = sourcecode.swift; path = DetailPersoneViewController.swift; sourceTree = "<group>"; };
/* End PBXFileReference section */

/* Begin PBXFrameworksBuildPhase section */
		7623466927FD7ABD0060F89C /* Frameworks */ = {
			isa = PBXFrameworksBuildPhase;
			buildActionMask = 2147483647;
			files = (
			);
			runOnlyForDeploymentPostprocessing = 0;
		};
/* End PBXFrameworksBuildPhase section */

/* Begin PBXGroup section */
		7623466327FD7ABD0060F89C = {
			isa = PBXGroup;
			children = (
				7623466E27FD7ABD0060F89C /* HWPersonList */,
				7623466D27FD7ABD0060F89C /* Products */,
			);
			sourceTree = "<group>";
		};
		7623466D27FD7ABD0060F89C /* Products */ = {
			isa = PBXGroup;
			children = (
				7623466C27FD7ABD0060F89C /* HWPersonList.app */,
			);
			name = Products;
			sourceTree = "<group>";
		};
		7623466E27FD7ABD0060F89C /* HWPersonList */ = {
			isa = PBXGroup;
			children = (
				7623466F27FD7ABD0060F89C /* AppDelegate.swift */,
				7623467127FD7ABD0060F89C /* SceneDelegate.swift */,
				7623468427FD7AE10060F89C /* Data */,
				7623468327FD7AD60060F89C /* Person */,
				76E1C42427FD7DB5006DA10E /* View */,
				7623467527FD7ABD0060F89C /* Main.storyboard */,
				7623467827FD7ABE0060F89C /* Assets.xcassets */,
				7623467A27FD7ABE0060F89C /* LaunchScreen.storyboard */,
				7623467D27FD7ABE0060F89C /* Info.plist */,
			);
			path = HWPersonList;
			sourceTree = "<group>";
		};
		7623468327FD7AD60060F89C /* Person */ = {
			isa = PBXGroup;
			children = (
				7623468527FD7AF20060F89C /* Person.swift */,
			);
			path = Person;
			sourceTree = "<group>";
		};
		7623468427FD7AE10060F89C /* Data */ = {
			isa = PBXGroup;
			children = (
				7623468727FD7B0A0060F89C /* DataManeger.swift */,
			);
			path = Data;
			sourceTree = "<group>";
		};
		76E1C42427FD7DB5006DA10E /* View */ = {
			isa = PBXGroup;
			children = (
				7623467327FD7ABD0060F89C /* TapBarViewController.swift */,
				76EA168227FD880F003AF25F /* PersonListViewController.swift */,
				76EA168427FD8B04003AF25F /* DetailPersoneViewController.swift */,
			);
			path = View;
			sourceTree = "<group>";
		};
/* End PBXGroup section */

/* Begin PBXNativeTarget section */
		7623466B27FD7ABD0060F89C /* HWPersonList */ = {
			isa = PBXNativeTarget;
			buildConfigurationList = 7623468027FD7ABE0060F89C /* Build configuration list for PBXNativeTarget "HWPersonList" */;
			buildPhases = (
				7623466827FD7ABD0060F89C /* Sources */,
				7623466927FD7ABD0060F89C /* Frameworks */,
				7623466A27FD7ABD0060F89C /* Resources */,
			);
			buildRules = (
			);
			dependencies = (
			);
			name = HWPersonList;
			productName = HWPersonList;
			productReference = 7623466C27FD7ABD0060F89C /* HWPersonList.app */;
			productType = "com.apple.product-type.application";
		};
/* End PBXNativeTarget section */

/* Begin PBXProject section */
		7623466427FD7ABD0060F89C /* Project object */ = {
			isa = PBXProject;
			attributes = {
				BuildIndependentTargetsInParallel = 1;
				LastSwiftUpdateCheck = 1330;
				LastUpgradeCheck = 1330;
				TargetAttributes = {
					7623466B27FD7ABD0060F89C = {
						CreatedOnToolsVersion = 13.3;
					};
				};
			};
			buildConfigurationList = 7623466727FD7ABD0060F89C /* Build configuration list for PBXProject "HWPersonList" */;
			compatibilityVersion = "Xcode 13.0";
			developmentRegion = en;
			hasScannedForEncodings = 0;
			knownRegions = (
				en,
				Base,
			);
			mainGroup = 7623466327FD7ABD0060F89C;
			productRefGroup = 7623466D27FD7ABD0060F89C /* Products */;
			projectDirPath = "";
			projectRoot = "";
			targets = (
				7623466B27FD7ABD0060F89C /* HWPersonList */,
			);
		};
/* End PBXProject section */

/* Begin PBXResourcesBuildPhase section */
		7623466A27FD7ABD0060F89C /* Resources */ = {
			isa = PBXResourcesBuildPhase;
			buildActionMask = 2147483647;
			files = (
				7623467C27FD7ABE0060F89C /* LaunchScreen.storyboard in Resources */,
				7623467927FD7ABE0060F89C /* Assets.xcassets in Resources */,
				7623467727FD7ABD0060F89C /* Main.storyboard in Resources */,
			);
			runOnlyForDeploymentPostprocessing = 0;
		};
/* End PBXResourcesBuildPhase section */

/* Begin PBXSourcesBuildPhase section */
		7623466827FD7ABD0060F89C /* Sources */ = {
			isa = PBXSourcesBuildPhase;
			buildActionMask = 2147483647;
			files = (
				7623467427FD7ABD0060F89C /* TapBarViewController.swift in Sources */,
				76EA168327FD880F003AF25F /* PersonListViewController.swift in Sources */,
				7623467027FD7ABD0060F89C /* AppDelegate.swift in Sources */,
				7623468827FD7B0A0060F89C /* DataManeger.swift in Sources */,
				76EA168527FD8B04003AF25F /* DetailPersoneViewController.swift in Sources */,
				7623468627FD7AF20060F89C /* Person.swift in Sources */,
				7623467227FD7ABD0060F89C /* SceneDelegate.swift in Sources */,
			);
			runOnlyForDeploymentPostprocessing = 0;
		};
/* End PBXSourcesBuildPhase section */

/* Begin PBXVariantGroup section */
		7623467527FD7ABD0060F89C /* Main.storyboard */ = {
			isa = PBXVariantGroup;
			children = (
				7623467627FD7ABD0060F89C /* Base */,
			);
			name = Main.storyboard;
			sourceTree = "<group>";
		};
		7623467A27FD7ABE0060F89C /* LaunchScreen.storyboard */ = {
			isa = PBXVariantGroup;
			children = (
				7623467B27FD7ABE0060F89C /* Base */,
			);
			name = LaunchScreen.storyboard;
			sourceTree = "<group>";
		};
/* End PBXVariantGroup section */

/* Begin XCBuildConfiguration section */
		7623467E27FD7ABE0060F89C /* Debug */ = {
			isa = XCBuildConfiguration;
			buildSettings = {
				ALWAYS_SEARCH_USER_PATHS = NO;
				CLANG_ANALYZER_NONNULL = YES;
				CLANG_ANALYZER_NUMBER_OBJECT_CONVERSION = YES_AGGRESSIVE;
				CLANG_CXX_LANGUAGE_STANDARD = "gnu++17";
				CLANG_ENABLE_MODULES = YES;
				CLANG_ENABLE_OBJC_ARC = YES;
				CLANG_ENABLE_OBJC_WEAK = YES;
				CLANG_WARN_BLOCK_CAPTURE_AUTORELEASING = YES;
				CLANG_WARN_BOOL_CONVERSION = YES;
				CLANG_WARN_COMMA = YES;
				CLANG_WARN_CONSTANT_CONVERSION = YES;
				CLANG_WARN_DEPRECATED_OBJC_IMPLEMENTATIONS = YES;
				CLANG_WARN_DIRECT_OBJC_ISA_USAGE = YES_ERROR;
				CLANG_WARN_DOCUMENTATION_COMMENTS = YES;
				CLANG_WARN_EMPTY_BODY = YES;
				CLANG_WARN_ENUM_CONVERSION = YES;
				CLANG_WARN_INFINITE_RECURSION = YES;
				CLANG_WARN_INT_CONVERSION = YES;
				CLANG_WARN_NON_LITERAL_NULL_CONVERSION = YES;
				CLANG_WARN_OBJC_IMPLICIT_RETAIN_SELF = YES;
				CLANG_WARN_OBJC_LITERAL_CONVERSION = YES;
				CLANG_WARN_OBJC_ROOT_CLASS = YES_ERROR;
				CLANG_WARN_QUOTED_INCLUDE_IN_FRAMEWORK_HEADER = YES;
				CLANG_WARN_RANGE_LOOP_ANALYSIS = YES;
				CLANG_WARN_STRICT_PROTOTYPES = YES;
				CLANG_WARN_SUSPICIOUS_MOVE = YES;
				CLANG_WARN_UNGUARDED_AVAILABILITY = YES_AGGRESSIVE;
				CLANG_WARN_UNREACHABLE_CODE = YES;
				CLANG_WARN__DUPLICATE_METHOD_MATCH = YES;
				COPY_PHASE_STRIP = NO;
				DEBUG_INFORMATION_FORMAT = dwarf;
				ENABLE_STRICT_OBJC_MSGSEND = YES;
				ENABLE_TESTABILITY = YES;
				GCC_C_LANGUAGE_STANDARD = gnu11;
				GCC_DYNAMIC_NO_PIC = NO;
				GCC_NO_COMMON_BLOCKS = YES;
				GCC_OPTIMIZATION_LEVEL = 0;
				GCC_PREPROCESSOR_DEFINITIONS = (
					"DEBUG=1",
					"$(inherited)",
				);
				GCC_WARN_64_TO_32_BIT_CONVERSION = YES;
				GCC_WARN_ABOUT_RETURN_TYPE = YES_ERROR;
				GCC_WARN_UNDECLARED_SELECTOR = YES;
				GCC_WARN_UNINITIALIZED_AUTOS = YES_AGGRESSIVE;
				GCC_WARN_UNUSED_FUNCTION = YES;
				GCC_WARN_UNUSED_VARIABLE = YES;
				IPHONEOS_DEPLOYMENT_TARGET = 15.4;
				MTL_ENABLE_DEBUG_INFO = INCLUDE_SOURCE;
				MTL_FAST_MATH = YES;
				ONLY_ACTIVE_ARCH = YES;
				SDKROOT = iphoneos;
				SWIFT_ACTIVE_COMPILATION_CONDITIONS = DEBUG;
				SWIFT_OPTIMIZATION_LEVEL = "-Onone";
			};
			name = Debug;
		};
		7623467F27FD7ABE0060F89C /* Release */ = {
			isa = XCBuildConfiguration;
			buildSettings = {
				ALWAYS_SEARCH_USER_PATHS = NO;
				CLANG_ANALYZER_NONNULL = YES;
				CLANG_ANALYZER_NUMBER_OBJECT_CONVERSION = YES_AGGRESSIVE;
				CLANG_CXX_LANGUAGE_STANDARD = "gnu++17";
				CLANG_ENABLE_MODULES = YES;
				CLANG_ENABLE_OBJC_ARC = YES;
				CLANG_ENABLE_OBJC_WEAK = YES;
				CLANG_WARN_BLOCK_CAPTURE_AUTORELEASING = YES;
				CLANG_WARN_BOOL_CONVERSION = YES;
				CLANG_WARN_COMMA = YES;
				CLANG_WARN_CONSTANT_CONVERSION = YES;
				CLANG_WARN_DEPRECATED_OBJC_IMPLEMENTATIONS = YES;
				CLANG_WARN_DIRECT_OBJC_ISA_USAGE = YES_ERROR;
				CLANG_WARN_DOCUMENTATION_COMMENTS = YES;
				CLANG_WARN_EMPTY_BODY = YES;
				CLANG_WARN_ENUM_CONVERSION = YES;
				CLANG_WARN_INFINITE_RECURSION = YES;
				CLANG_WARN_INT_CONVERSION = YES;
				CLANG_WARN_NON_LITERAL_NULL_CONVERSION = YES;
				CLANG_WARN_OBJC_IMPLICIT_RETAIN_SELF = YES;
				CLANG_WARN_OBJC_LITERAL_CONVERSION = YES;
				CLANG_WARN_OBJC_ROOT_CLASS = YES_ERROR;
				CLANG_WARN_QUOTED_INCLUDE_IN_FRAMEWORK_HEADER = YES;
				CLANG_WARN_RANGE_LOOP_ANALYSIS = YES;
				CLANG_WARN_STRICT_PROTOTYPES = YES;
				CLANG_WARN_SUSPICIOUS_MOVE = YES;
				CLANG_WARN_UNGUARDED_AVAILABILITY = YES_AGGRESSIVE;
				CLANG_WARN_UNREACHABLE_CODE = YES;
				CLANG_WARN__DUPLICATE_METHOD_MATCH = YES;
				COPY_PHASE_STRIP = NO;
				DEBUG_INFORMATION_FORMAT = "dwarf-with-dsym";
				ENABLE_NS_ASSERTIONS = NO;
				ENABLE_STRICT_OBJC_MSGSEND = YES;
				GCC_C_LANGUAGE_STANDARD = gnu11;
				GCC_NO_COMMON_BLOCKS = YES;
				GCC_WARN_64_TO_32_BIT_CONVERSION = YES;
				GCC_WARN_ABOUT_RETURN_TYPE = YES_ERROR;
				GCC_WARN_UNDECLARED_SELECTOR = YES;
				GCC_WARN_UNINITIALIZED_AUTOS = YES_AGGRESSIVE;
				GCC_WARN_UNUSED_FUNCTION = YES;
				GCC_WARN_UNUSED_VARIABLE = YES;
				IPHONEOS_DEPLOYMENT_TARGET = 15.4;
				MTL_ENABLE_DEBUG_INFO = NO;
				MTL_FAST_MATH = YES;
				SDKROOT = iphoneos;
				SWIFT_COMPILATION_MODE = wholemodule;
				SWIFT_OPTIMIZATION_LEVEL = "-O";
				VALIDATE_PRODUCT = YES;
			};
			name = Release;
		};
		7623468127FD7ABE0060F89C /* Debug */ = {
			isa = XCBuildConfiguration;
			buildSettings = {
				ASSETCATALOG_COMPILER_APPICON_NAME = AppIcon;
				ASSETCATALOG_COMPILER_GLOBAL_ACCENT_COLOR_NAME = AccentColor;
				CODE_SIGN_STYLE = Automatic;
				CURRENT_PROJECT_VERSION = 1;
				DEVELOPMENT_TEAM = N85MKK397C;
				GENERATE_INFOPLIST_FILE = YES;
				INFOPLIST_FILE = HWPersonList/Info.plist;
				INFOPLIST_KEY_UIApplicationSupportsIndirectInputEvents = YES;
				INFOPLIST_KEY_UILaunchStoryboardName = LaunchScreen;
				INFOPLIST_KEY_UIMainStoryboardFile = Main;
				INFOPLIST_KEY_UISupportedInterfaceOrientations = UIInterfaceOrientationPortrait;
				INFOPLIST_KEY_UISupportedInterfaceOrientations_iPad = "UIInterfaceOrientationPortrait UIInterfaceOrientationPortraitUpsideDown UIInterfaceOrientationLandscapeLeft UIInterfaceOrientationLandscapeRight";
				INFOPLIST_KEY_UISupportedInterfaceOrientations_iPhone = "UIInterfaceOrientationPortrait UIInterfaceOrientationLandscapeLeft UIInterfaceOrientationLandscapeRight";
				LD_RUNPATH_SEARCH_PATHS = (
					"$(inherited)",
					"@executable_path/Frameworks",
				);
				MARKETING_VERSION = 1.0;
				PRODUCT_BUNDLE_IDENTIFIER = max.HWPersonList;
				PRODUCT_NAME = "$(TARGET_NAME)";
				SWIFT_EMIT_LOC_STRINGS = YES;
				SWIFT_VERSION = 5.0;
				TARGETED_DEVICE_FAMILY = 1;
			};
			name = Debug;
		};
		7623468227FD7ABE0060F89C /* Release */ = {
			isa = XCBuildConfiguration;
			buildSettings = {
				ASSETCATALOG_COMPILER_APPICON_NAME = AppIcon;
				ASSETCATALOG_COMPILER_GLOBAL_ACCENT_COLOR_NAME = AccentColor;
				CODE_SIGN_STYLE = Automatic;
				CURRENT_PROJECT_VERSION = 1;
				DEVELOPMENT_TEAM = N85MKK397C;
				GENERATE_INFOPLIST_FILE = YES;
				INFOPLIST_FILE = HWPersonList/Info.plist;
				INFOPLIST_KEY_UIApplicationSupportsIndirectInputEvents = YES;
				INFOPLIST_KEY_UILaunchStoryboardName = LaunchScreen;
				INFOPLIST_KEY_UIMainStoryboardFile = Main;
				INFOPLIST_KEY_UISupportedInterfaceOrientations = UIInterfaceOrientationPortrait;
				INFOPLIST_KEY_UISupportedInterfaceOrientations_iPad = "UIInterfaceOrientationPortrait UIInterfaceOrientationPortraitUpsideDown UIInterfaceOrientationLandscapeLeft UIInterfaceOrientationLandscapeRight";
				INFOPLIST_KEY_UISupportedInterfaceOrientations_iPhone = "UIInterfaceOrientationPortrait UIInterfaceOrientationLandscapeLeft UIInterfaceOrientationLandscapeRight";
				LD_RUNPATH_SEARCH_PATHS = (
					"$(inherited)",
					"@executable_path/Frameworks",
				);
				MARKETING_VERSION = 1.0;
				PRODUCT_BUNDLE_IDENTIFIER = max.HWPersonList;
				PRODUCT_NAME = "$(TARGET_NAME)";
				SWIFT_EMIT_LOC_STRINGS = YES;
				SWIFT_VERSION = 5.0;
				TARGETED_DEVICE_FAMILY = 1;
			};
			name = Release;
		};
/* End XCBuildConfiguration section */

/* Begin XCConfigurationList section */
		7623466727FD7ABD0060F89C /* Build configuration list for PBXProject "HWPersonList" */ = {
			isa = XCConfigurationList;
			buildConfigurations = (
				7623467E27FD7ABE0060F89C /* Debug */,
				7623467F27FD7ABE0060F89C /* Release */,
			);
			defaultConfigurationIsVisible = 0;
			defaultConfigurationName = Release;
		};
		7623468027FD7ABE0060F89C /* Build configuration list for PBXNativeTarget "HWPersonList" */ = {
			isa = XCConfigurationList;
			buildConfigurations = (
				7623468127FD7ABE0060F89C /* Debug */,
				7623468227FD7ABE0060F89C /* Release */,
			);
			defaultConfigurationIsVisible = 0;
			defaultConfigurationName = Release;
		};
/* End XCConfigurationList section */
	};
	rootObject = 7623466427FD7ABD0060F89C /* Project object */;
}
